
Microsoft Visual Studio Solution File, Format Version 12.00
# Visual Studio Version 16
VisualStudioVersion = 16.0.29509.3
MinimumVisualStudioVersion = 10.0.40219.1
Project("{FAE04EC0-301F-11D3-BF4B-00C04F79EFBC}") = "Wpf", "Wpf\Wpf.csproj", "{E011B73B-CBFE-4804-B94A-EDC3BB617FF4}"
EndProject
Project("{FAE04EC0-301F-11D3-BF4B-00C04F79EFBC}") = "Core", "Core\Core.csproj", "{4367E917-53A0-4A01-A303-B1F85198778E}"
EndProject
Global
	GlobalSection(SolutionConfigurationPlatforms) = preSolution
		Debug|Any CPU = Debug|Any CPU
		Release|Any CPU = Release|Any CPU
	EndGlobalSection
	GlobalSection(ProjectConfigurationPlatforms) = postSolution
		{E011B73B-CBFE-4804-B94A-EDC3BB617FF4}.Debug|Any CPU.ActiveCfg = Debug|Any CPU
		{E011B73B-CBFE-4804-B94A-EDC3BB617FF4}.Debug|Any CPU.Build.0 = Debug|Any CPU
		{E011B73B-CBFE-4804-B94A-EDC3BB617FF4}.Release|Any CPU.ActiveCfg = Release|Any CPU
		{E011B73B-CBFE-4804-B94A-EDC3BB617FF4}.Release|Any CPU.Build.0 = Release|Any CPU
		{4367E917-53A0-4A01-A303-B1F85198778E}.Debug|Any CPU.ActiveCfg = Debug|Any CPU
		{4367E917-53A0-4A01-A303-B1F85198778E}.Debug|Any CPU.Build.0 = Debug|Any CPU
		{4367E917-53A0-4A01-A303-B1F85198778E}.Release|Any CPU.ActiveCfg = Release|Any CPU
		{4367E917-53A0-4A01-A303-B1F85198778E}.Release|Any CPU.Build.0 = Release|Any CPU
	EndGlobalSection
	GlobalSection(SolutionProperties) = preSolution
		HideSolutionNode = FALSE
	EndGlobalSection
	GlobalSection(ExtensibilityGlobals) = postSolution
		SolutionGuid = {72DF0AE2-5B63-4653-AC36-28E8680A31C1}
	EndGlobalSection
EndGlobal
